
Microsoft Visual Studio Solution File, Format Version 12.00
# Visual Studio Version 16
VisualStudioVersion = 16.0.36227.6
MinimumVisualStudioVersion = 10.0.40219.1
Project("{FAE04EC0-301F-11D3-BF4B-00C04F79EFBC}") = "ub_frontend", "ub_frontend\ub_frontend.csproj", "{BBF111C4-33A8-414E-8EF8-C327ADC79D22}"
EndProject
Global
	GlobalSection(SolutionConfigurationPlatforms) = preSolution
		Debug|Any CPU = Debug|Any CPU
		Release|Any CPU = Release|Any CPU
	EndGlobalSection
	GlobalSection(ProjectConfigurationPlatforms) = postSolution
		{BBF111C4-33A8-414E-8EF8-C327ADC79D22}.Debug|Any CPU.ActiveCfg = Debug|Any CPU
		{BBF111C4-33A8-414E-8EF8-C327ADC79D22}.Debug|Any CPU.Build.0 = Debug|Any CPU
		{BBF111C4-33A8-414E-8EF8-C327ADC79D22}.Release|Any CPU.ActiveCfg = Release|Any CPU
		{BBF111C4-33A8-414E-8EF8-C327ADC79D22}.Release|Any CPU.Build.0 = Release|Any CPU
	EndGlobalSection
	GlobalSection(SolutionProperties) = preSolution
		HideSolutionNode = FALSE
	EndGlobalSection
	GlobalSection(ExtensibilityGlobals) = postSolution
		SolutionGuid = {521BB924-50BF-4E59-A31D-973775B896B4}
	EndGlobalSection
EndGlobal
